
Microsoft Visual Studio Solution File, Format Version 12.00
# Visual Studio Version 17
VisualStudioVersion = 17.7.34031.279
MinimumVisualStudioVersion = 10.0.40219.1
Project("{9A19103F-16F7-4668-BE54-9A1E7A4F7556}") = "SecondoProgetto", "SecondoProgetto\SecondoProgetto.csproj", "{05DA3A1A-BF67-43BD-AC59-9C8909D6E3EA}"
EndProject
Project("{FAE04EC0-301F-11D3-BF4B-00C04F79EFBC}") = "Libprogetto", "Libprogetto\Libprogetto.csproj", "{1D3EC653-DA75-4747-A55F-ADBE78179186}"
EndProject
Global
	GlobalSection(SolutionConfigurationPlatforms) = preSolution
		Debug|Any CPU = Debug|Any CPU
		Release|Any CPU = Release|Any CPU
	EndGlobalSection
	GlobalSection(ProjectConfigurationPlatforms) = postSolution
		{05DA3A1A-BF67-43BD-AC59-9C8909D6E3EA}.Debug|Any CPU.ActiveCfg = Debug|Any CPU
		{05DA3A1A-BF67-43BD-AC59-9C8909D6E3EA}.Debug|Any CPU.Build.0 = Debug|Any CPU
		{05DA3A1A-BF67-43BD-AC59-9C8909D6E3EA}.Release|Any CPU.ActiveCfg = Release|Any CPU
		{05DA3A1A-BF67-43BD-AC59-9C8909D6E3EA}.Release|Any CPU.Build.0 = Release|Any CPU
		{1D3EC653-DA75-4747-A55F-ADBE78179186}.Debug|Any CPU.ActiveCfg = Debug|Any CPU
		{1D3EC653-DA75-4747-A55F-ADBE78179186}.Debug|Any CPU.Build.0 = Debug|Any CPU
		{1D3EC653-DA75-4747-A55F-ADBE78179186}.Release|Any CPU.ActiveCfg = Release|Any CPU
		{1D3EC653-DA75-4747-A55F-ADBE78179186}.Release|Any CPU.Build.0 = Release|Any CPU
	EndGlobalSection
	GlobalSection(SolutionProperties) = preSolution
		HideSolutionNode = FALSE
	EndGlobalSection
	GlobalSection(ExtensibilityGlobals) = postSolution
		SolutionGuid = {11BAAC20-5B29-4F1E-82CE-60ABD96D51EF}
	EndGlobalSection
EndGlobal
